
Microsoft Visual Studio Solution File, Format Version 12.00
# Visual Studio Version 16
VisualStudioVersion = 16.0.30621.155
MinimumVisualStudioVersion = 10.0.40219.1
Project("{FAE04EC0-301F-11D3-BF4B-00C04F79EFBC}") = "ObjectExercise_2", "ObjectExercise_2\ObjectExercise_2.csproj", "{BB8F431A-52AB-4413-8083-7211148F5EAE}"
EndProject
Global
	GlobalSection(SolutionConfigurationPlatforms) = preSolution
		Debug|Any CPU = Debug|Any CPU
		Release|Any CPU = Release|Any CPU
	EndGlobalSection
	GlobalSection(ProjectConfigurationPlatforms) = postSolution
		{BB8F431A-52AB-4413-8083-7211148F5EAE}.Debug|Any CPU.ActiveCfg = Debug|Any CPU
		{BB8F431A-52AB-4413-8083-7211148F5EAE}.Debug|Any CPU.Build.0 = Debug|Any CPU
		{BB8F431A-52AB-4413-8083-7211148F5EAE}.Release|Any CPU.ActiveCfg = Release|Any CPU
		{BB8F431A-52AB-4413-8083-7211148F5EAE}.Release|Any CPU.Build.0 = Release|Any CPU
	EndGlobalSection
	GlobalSection(SolutionProperties) = preSolution
		HideSolutionNode = FALSE
	EndGlobalSection
	GlobalSection(ExtensibilityGlobals) = postSolution
		SolutionGuid = {D8C08EBD-2645-4A4D-8A7C-5AB3EAA58B3A}
	EndGlobalSection
EndGlobal
